
Microsoft Visual Studio Solution File, Format Version 12.00
# Visual Studio Version 17
VisualStudioVersion = 17.12.35521.163
MinimumVisualStudioVersion = 10.0.40219.1
Project("{FAE04EC0-301F-11D3-BF4B-00C04F79EFBC}") = "Mihcelle.Hwavmvid", "Mihcelle.Hwavmvid\Mihcelle.Hwavmvid.csproj", "{3B31A984-BE00-4B15-9A73-F2315C42CAA8}"
EndProject
Project("{FAE04EC0-301F-11D3-BF4B-00C04F79EFBC}") = "Mihcelle.Hwavmvid.Shared", "Mihelle.Hwavmvid.Shared\Mihcelle.Hwavmvid.Shared.csproj", "{9D0037FB-141E-44C6-B497-E5AB1A7FC711}"
EndProject
Project("{FAE04EC0-301F-11D3-BF4B-00C04F79EFBC}") = "Mihcelle.Hwavmvid.Cookies", "Mihcelle.Hwavmvid.Cookies\Mihcelle.Hwavmvid.Cookies.csproj", "{6564B8CE-56BB-4238-8392-BC2E667A6B89}"
EndProject
Project("{FAE04EC0-301F-11D3-BF4B-00C04F79EFBC}") = "Hwavmvid.Alerts", "Hwavmvid.Alerts\Hwavmvid.Alerts.csproj", "{05604164-9509-4214-BB01-B47D2B926904}"
EndProject
Project("{FAE04EC0-301F-11D3-BF4B-00C04F79EFBC}") = "Mihcelle.Hwavmvid.Modal", "Mihcelle.Hwavmvid.Modal\Mihcelle.Hwavmvid.Modal.csproj", "{3E314A46-3EA2-4A19-811C-9DBF4AF4B70E}"
EndProject
Project("{FAE04EC0-301F-11D3-BF4B-00C04F79EFBC}") = "Hwavmvid.Notifications", "Hwavmvid.Notifications\Hwavmvid.Notifications.csproj", "{42B08185-A734-40BB-B24D-8E005EC87C79}"
EndProject
Project("{FAE04EC0-301F-11D3-BF4B-00C04F79EFBC}") = "Mihcelle.Hwavmvid.Fileupload", "Mihcelle.Hwavmvid.Fileupload\Mihcelle.Hwavmvid.Fileupload.csproj", "{68DCC3BF-4375-477D-996F-8EF55ACEDDC5}"
EndProject
Project("{FAE04EC0-301F-11D3-BF4B-00C04F79EFBC}") = "Mihcelle.Hwavmvid.Pager", "Mihcelle.Hwavmvid.Pager\Mihcelle.Hwavmvid.Pager.csproj", "{6872B5B3-CFF2-4FC5-9596-DB10C4E9FB96}"
EndProject
Global
	GlobalSection(SolutionConfigurationPlatforms) = preSolution
		Debug|Any CPU = Debug|Any CPU
		Release|Any CPU = Release|Any CPU
	EndGlobalSection
	GlobalSection(ProjectConfigurationPlatforms) = postSolution
		{3B31A984-BE00-4B15-9A73-F2315C42CAA8}.Debug|Any CPU.ActiveCfg = Debug|Any CPU
		{3B31A984-BE00-4B15-9A73-F2315C42CAA8}.Debug|Any CPU.Build.0 = Debug|Any CPU
		{3B31A984-BE00-4B15-9A73-F2315C42CAA8}.Release|Any CPU.ActiveCfg = Release|Any CPU
		{3B31A984-BE00-4B15-9A73-F2315C42CAA8}.Release|Any CPU.Build.0 = Release|Any CPU
		{9D0037FB-141E-44C6-B497-E5AB1A7FC711}.Debug|Any CPU.ActiveCfg = Debug|Any CPU
		{9D0037FB-141E-44C6-B497-E5AB1A7FC711}.Debug|Any CPU.Build.0 = Debug|Any CPU
		{9D0037FB-141E-44C6-B497-E5AB1A7FC711}.Release|Any CPU.ActiveCfg = Release|Any CPU
		{9D0037FB-141E-44C6-B497-E5AB1A7FC711}.Release|Any CPU.Build.0 = Release|Any CPU
		{6564B8CE-56BB-4238-8392-BC2E667A6B89}.Debug|Any CPU.ActiveCfg = Debug|Any CPU
		{6564B8CE-56BB-4238-8392-BC2E667A6B89}.Debug|Any CPU.Build.0 = Debug|Any CPU
		{6564B8CE-56BB-4238-8392-BC2E667A6B89}.Release|Any CPU.ActiveCfg = Release|Any CPU
		{6564B8CE-56BB-4238-8392-BC2E667A6B89}.Release|Any CPU.Build.0 = Release|Any CPU
		{05604164-9509-4214-BB01-B47D2B926904}.Debug|Any CPU.ActiveCfg = Debug|Any CPU
		{05604164-9509-4214-BB01-B47D2B926904}.Debug|Any CPU.Build.0 = Debug|Any CPU
		{05604164-9509-4214-BB01-B47D2B926904}.Release|Any CPU.ActiveCfg = Release|Any CPU
		{05604164-9509-4214-BB01-B47D2B926904}.Release|Any CPU.Build.0 = Release|Any CPU
		{3E314A46-3EA2-4A19-811C-9DBF4AF4B70E}.Debug|Any CPU.ActiveCfg = Debug|Any CPU
		{3E314A46-3EA2-4A19-811C-9DBF4AF4B70E}.Debug|Any CPU.Build.0 = Debug|Any CPU
		{3E314A46-3EA2-4A19-811C-9DBF4AF4B70E}.Release|Any CPU.ActiveCfg = Release|Any CPU
		{3E314A46-3EA2-4A19-811C-9DBF4AF4B70E}.Release|Any CPU.Build.0 = Release|Any CPU
		{42B08185-A734-40BB-B24D-8E005EC87C79}.Debug|Any CPU.ActiveCfg = Debug|Any CPU
		{42B08185-A734-40BB-B24D-8E005EC87C79}.Debug|Any CPU.Build.0 = Debug|Any CPU
		{42B08185-A734-40BB-B24D-8E005EC87C79}.Release|Any CPU.ActiveCfg = Release|Any CPU
		{42B08185-A734-40BB-B24D-8E005EC87C79}.Release|Any CPU.Build.0 = Release|Any CPU
		{68DCC3BF-4375-477D-996F-8EF55ACEDDC5}.Debug|Any CPU.ActiveCfg = Debug|Any CPU
		{68DCC3BF-4375-477D-996F-8EF55ACEDDC5}.Debug|Any CPU.Build.0 = Debug|Any CPU
		{68DCC3BF-4375-477D-996F-8EF55ACEDDC5}.Release|Any CPU.ActiveCfg = Release|Any CPU
		{68DCC3BF-4375-477D-996F-8EF55ACEDDC5}.Release|Any CPU.Build.0 = Release|Any CPU
		{6872B5B3-CFF2-4FC5-9596-DB10C4E9FB96}.Debug|Any CPU.ActiveCfg = Debug|Any CPU
		{6872B5B3-CFF2-4FC5-9596-DB10C4E9FB96}.Debug|Any CPU.Build.0 = Debug|Any CPU
		{6872B5B3-CFF2-4FC5-9596-DB10C4E9FB96}.Release|Any CPU.ActiveCfg = Release|Any CPU
		{6872B5B3-CFF2-4FC5-9596-DB10C4E9FB96}.Release|Any CPU.Build.0 = Release|Any CPU
	EndGlobalSection
	GlobalSection(SolutionProperties) = preSolution
		HideSolutionNode = FALSE
	EndGlobalSection
EndGlobal
